# THIS IS AN AUTOGENERATED FILE. DO NOT EDIT THIS FILE DIRECTLY.
# yarn lockfile v1


typewriterjs@^1.0.0:
  version "1.0.0"
  resolved "https://registry.yarnpkg.com/typewriterjs/-/typewriterjs-1.0.0.tgz#b6fddeb4fb8f45618bf17f81a7e5759b14021a4d"
  integrity sha512-loV2VSUXxwXqI3IDKfXU88wPaRY8H7edfXbxro3tW1SKEOyd19snJiqQKw1aXoDjirsll8RgOxfwwLzTXgsrlw==
